
Microsoft Visual Studio Solution File, Format Version 12.00
# Visual Studio Version 16
VisualStudioVersion = 16.0.31729.503
MinimumVisualStudioVersion = 10.0.40219.1
Project("{FAE04EC0-301F-11D3-BF4B-00C04F79EFBC}") = "Pro2", "Pro2\Pro2.csproj", "{65A1044D-C6A3-4A84-BDDC-318608B6241C}"
EndProject
Global
	GlobalSection(SolutionConfigurationPlatforms) = preSolution
		Debug|Any CPU = Debug|Any CPU
		Release|Any CPU = Release|Any CPU
	EndGlobalSection
	GlobalSection(ProjectConfigurationPlatforms) = postSolution
		{65A1044D-C6A3-4A84-BDDC-318608B6241C}.Debug|Any CPU.ActiveCfg = Debug|Any CPU
		{65A1044D-C6A3-4A84-BDDC-318608B6241C}.Debug|Any CPU.Build.0 = Debug|Any CPU
		{65A1044D-C6A3-4A84-BDDC-318608B6241C}.Release|Any CPU.ActiveCfg = Release|Any CPU
		{65A1044D-C6A3-4A84-BDDC-318608B6241C}.Release|Any CPU.Build.0 = Release|Any CPU
	EndGlobalSection
	GlobalSection(SolutionProperties) = preSolution
		HideSolutionNode = FALSE
	EndGlobalSection
	GlobalSection(ExtensibilityGlobals) = postSolution
		SolutionGuid = {1C8B860C-F0C9-44C5-B983-AF541A6F5B57}
	EndGlobalSection
EndGlobal
